Microsoft Visual Studio Solution File, Format Version 11.00
# Visual Studio 2010
Project("{FAE04EC0-301F-11D3-BF4B-00C04F79EFBC}") = "GeCo", "GeCo\GeCo.csproj", "{D23F78E7-5C08-4711-9362-C70E7E77EE72}"
EndProject
Project("{FAE04EC0-301F-11D3-BF4B-00C04F79EFBC}") = "GeCo.DAL", "GeCo.DAL\GeCo.DAL.csproj", "{32C094BA-7A76-4A2D-AD70-C05562EB29A3}"
EndProject
Project("{FAE04EC0-301F-11D3-BF4B-00C04F79EFBC}") = "TestProject", "TestProject\TestProject.csproj", "{2B7AE86E-034A-4EBD-991C-DBCC7281CA73}"
EndProject
Project("{2150E333-8FDC-42A3-9474-1A3956D46DE8}") = "Solution Items", "Solution Items", "{D7A13814-03BB-4099-BE6D-FA6ABFF679B4}"
	ProjectSection(SolutionItems) = preProject
		GeCo.vsmdi = GeCo.vsmdi
		Local.testsettings = Local.testsettings
		TraceAndTestImpact.testsettings = TraceAndTestImpact.testsettings
	EndProjectSection
EndProject
Project("{FAE04EC0-301F-11D3-BF4B-00C04F79EFBC}") = "GeCo.BLL", "GeCo.BLL\GeCo.BLL.csproj", "{AD0266E7-DE03-4AA5-98CA-483E5A055850}"
EndProject
Project("{FAE04EC0-301F-11D3-BF4B-00C04F79EFBC}") = "GeCo.Infrastructure", "GeCo.Infrastructure\GeCo.Infrastructure.csproj", "{40D5418E-DEAF-40D1-9A3B-DA89A3C761F1}"
EndProject
Project("{FAE04EC0-301F-11D3-BF4B-00C04F79EFBC}") = "GeCo.Model", "GeCo.Model\GeCo.Model.csproj", "{1EB6AC63-8498-4660-8753-96B3E4B36DC7}"
EndProject
Project("{FAE04EC0-301F-11D3-BF4B-00C04F79EFBC}") = "GeCo.Shell", "GeCo.Shell\GeCo.Shell.csproj", "{755D31B1-8521-43E4-AE2F-4AED69D2E666}"
EndProject
Project("{FAE04EC0-301F-11D3-BF4B-00C04F79EFBC}") = "GeCo.ModuleDipendenti", "GeCo.ModuleDipendenti\GeCo.ModuleDipendenti.csproj", "{5230E0D9-DB8D-47E3-A6E8-417EBA950D80}"
EndProject
Global
	GlobalSection(TestCaseManagementSettings) = postSolution
		CategoryFile = GeCo.vsmdi
	EndGlobalSection
	GlobalSection(SolutionConfigurationPlatforms) = preSolution
		Debug|Any CPU = Debug|Any CPU
		Debug|Mixed Platforms = Debug|Mixed Platforms
		Debug|x86 = Debug|x86
		Release|Any CPU = Release|Any CPU
		Release|Mixed Platforms = Release|Mixed Platforms
		Release|x86 = Release|x86
	EndGlobalSection
	GlobalSection(ProjectConfigurationPlatforms) = postSolution
		{D23F78E7-5C08-4711-9362-C70E7E77EE72}.Debug|Any CPU.ActiveCfg = Debug|x86
		{D23F78E7-5C08-4711-9362-C70E7E77EE72}.Debug|Mixed Platforms.ActiveCfg = Debug|x86
		{D23F78E7-5C08-4711-9362-C70E7E77EE72}.Debug|Mixed Platforms.Build.0 = Debug|x86
		{D23F78E7-5C08-4711-9362-C70E7E77EE72}.Debug|x86.ActiveCfg = Debug|x86
		{D23F78E7-5C08-4711-9362-C70E7E77EE72}.Debug|x86.Build.0 = Debug|x86
		{D23F78E7-5C08-4711-9362-C70E7E77EE72}.Release|Any CPU.ActiveCfg = Release|x86
		{D23F78E7-5C08-4711-9362-C70E7E77EE72}.Release|Mixed Platforms.ActiveCfg = Release|x86
		{D23F78E7-5C08-4711-9362-C70E7E77EE72}.Release|Mixed Platforms.Build.0 = Release|x86
		{D23F78E7-5C08-4711-9362-C70E7E77EE72}.Release|x86.ActiveCfg = Release|x86
		{D23F78E7-5C08-4711-9362-C70E7E77EE72}.Release|x86.Build.0 = Release|x86
		{32C094BA-7A76-4A2D-AD70-C05562EB29A3}.Debug|Any CPU.ActiveCfg = Debug|Any CPU
		{32C094BA-7A76-4A2D-AD70-C05562EB29A3}.Debug|Any CPU.Build.0 = Debug|Any CPU
		{32C094BA-7A76-4A2D-AD70-C05562EB29A3}.Debug|Mixed Platforms.ActiveCfg = Debug|Any CPU
		{32C094BA-7A76-4A2D-AD70-C05562EB29A3}.Debug|Mixed Platforms.Build.0 = Debug|Any CPU
		{32C094BA-7A76-4A2D-AD70-C05562EB29A3}.Debug|x86.ActiveCfg = Debug|Any CPU
		{32C094BA-7A76-4A2D-AD70-C05562EB29A3}.Release|Any CPU.ActiveCfg = Release|Any CPU
		{32C094BA-7A76-4A2D-AD70-C05562EB29A3}.Release|Any CPU.Build.0 = Release|Any CPU
		{32C094BA-7A76-4A2D-AD70-C05562EB29A3}.Release|Mixed Platforms.ActiveCfg = Release|Any CPU
		{32C094BA-7A76-4A2D-AD70-C05562EB29A3}.Release|Mixed Platforms.Build.0 = Release|Any CPU
		{32C094BA-7A76-4A2D-AD70-C05562EB29A3}.Release|x86.ActiveCfg = Release|Any CPU
		{2B7AE86E-034A-4EBD-991C-DBCC7281CA73}.Debug|Any CPU.ActiveCfg = Debug|Any CPU
		{2B7AE86E-034A-4EBD-991C-DBCC7281CA73}.Debug|Any CPU.Build.0 = Debug|Any CPU
		{2B7AE86E-034A-4EBD-991C-DBCC7281CA73}.Debug|Mixed Platforms.ActiveCfg = Debug|Any CPU
		{2B7AE86E-034A-4EBD-991C-DBCC7281CA73}.Debug|Mixed Platforms.Build.0 = Debug|Any CPU
		{2B7AE86E-034A-4EBD-991C-DBCC7281CA73}.Debug|x86.ActiveCfg = Debug|Any CPU
		{2B7AE86E-034A-4EBD-991C-DBCC7281CA73}.Release|Any CPU.ActiveCfg = Release|Any CPU
		{2B7AE86E-034A-4EBD-991C-DBCC7281CA73}.Release|Any CPU.Build.0 = Release|Any CPU
		{2B7AE86E-034A-4EBD-991C-DBCC7281CA73}.Release|Mixed Platforms.ActiveCfg = Release|Any CPU
		{2B7AE86E-034A-4EBD-991C-DBCC7281CA73}.Release|Mixed Platforms.Build.0 = Release|Any CPU
		{2B7AE86E-034A-4EBD-991C-DBCC7281CA73}.Release|x86.ActiveCfg = Release|Any CPU
		{AD0266E7-DE03-4AA5-98CA-483E5A055850}.Debug|Any CPU.ActiveCfg = Debug|Any CPU
		{AD0266E7-DE03-4AA5-98CA-483E5A055850}.Debug|Any CPU.Build.0 = Debug|Any CPU
		{AD0266E7-DE03-4AA5-98CA-483E5A055850}.Debug|Mixed Platforms.ActiveCfg = Debug|Any CPU
		{AD0266E7-DE03-4AA5-98CA-483E5A055850}.Debug|Mixed Platforms.Build.0 = Debug|Any CPU
		{AD0266E7-DE03-4AA5-98CA-483E5A055850}.Debug|x86.ActiveCfg = Debug|Any CPU
		{AD0266E7-DE03-4AA5-98CA-483E5A055850}.Release|Any CPU.ActiveCfg = Release|Any CPU
		{AD0266E7-DE03-4AA5-98CA-483E5A055850}.Release|Any CPU.Build.0 = Release|Any CPU
		{AD0266E7-DE03-4AA5-98CA-483E5A055850}.Release|Mixed Platforms.ActiveCfg = Release|Any CPU
		{AD0266E7-DE03-4AA5-98CA-483E5A055850}.Release|Mixed Platforms.Build.0 = Release|Any CPU
		{AD0266E7-DE03-4AA5-98CA-483E5A055850}.Release|x86.ActiveCfg = Release|Any CPU
		{40D5418E-DEAF-40D1-9A3B-DA89A3C761F1}.Debug|Any CPU.ActiveCfg = Debug|Any CPU
		{40D5418E-DEAF-40D1-9A3B-DA89A3C761F1}.Debug|Any CPU.Build.0 = Debug|Any CPU
		{40D5418E-DEAF-40D1-9A3B-DA89A3C761F1}.Debug|Mixed Platforms.ActiveCfg = Debug|Any CPU
		{40D5418E-DEAF-40D1-9A3B-DA89A3C761F1}.Debug|Mixed Platforms.Build.0 = Debug|Any CPU
		{40D5418E-DEAF-40D1-9A3B-DA89A3C761F1}.Debug|x86.ActiveCfg = Debug|Any CPU
		{40D5418E-DEAF-40D1-9A3B-DA89A3C761F1}.Release|Any CPU.ActiveCfg = Release|Any CPU
		{40D5418E-DEAF-40D1-9A3B-DA89A3C761F1}.Release|Any CPU.Build.0 = Release|Any CPU
		{40D5418E-DEAF-40D1-9A3B-DA89A3C761F1}.Release|Mixed Platforms.ActiveCfg = Release|Any CPU
		{40D5418E-DEAF-40D1-9A3B-DA89A3C761F1}.Release|Mixed Platforms.Build.0 = Release|Any CPU
		{40D5418E-DEAF-40D1-9A3B-DA89A3C761F1}.Release|x86.ActiveCfg = Release|Any CPU
		{1EB6AC63-8498-4660-8753-96B3E4B36DC7}.Debug|Any CPU.ActiveCfg = Debug|Any CPU
		{1EB6AC63-8498-4660-8753-96B3E4B36DC7}.Debug|Any CPU.Build.0 = Debug|Any CPU
		{1EB6AC63-8498-4660-8753-96B3E4B36DC7}.Debug|Mixed Platforms.ActiveCfg = Debug|Any CPU
		{1EB6AC63-8498-4660-8753-96B3E4B36DC7}.Debug|Mixed Platforms.Build.0 = Debug|Any CPU
		{1EB6AC63-8498-4660-8753-96B3E4B36DC7}.Debug|x86.ActiveCfg = Debug|Any CPU
		{1EB6AC63-8498-4660-8753-96B3E4B36DC7}.Release|Any CPU.ActiveCfg = Release|Any CPU
		{1EB6AC63-8498-4660-8753-96B3E4B36DC7}.Release|Any CPU.Build.0 = Release|Any CPU
		{1EB6AC63-8498-4660-8753-96B3E4B36DC7}.Release|Mixed Platforms.ActiveCfg = Release|Any CPU
		{1EB6AC63-8498-4660-8753-96B3E4B36DC7}.Release|Mixed Platforms.Build.0 = Release|Any CPU
		{1EB6AC63-8498-4660-8753-96B3E4B36DC7}.Release|x86.ActiveCfg = Release|Any CPU
		{755D31B1-8521-43E4-AE2F-4AED69D2E666}.Debug|Any CPU.ActiveCfg = Debug|x86
		{755D31B1-8521-43E4-AE2F-4AED69D2E666}.Debug|Mixed Platforms.ActiveCfg = Debug|x86
		{755D31B1-8521-43E4-AE2F-4AED69D2E666}.Debug|Mixed Platforms.Build.0 = Debug|x86
		{755D31B1-8521-43E4-AE2F-4AED69D2E666}.Debug|x86.ActiveCfg = Debug|x86
		{755D31B1-8521-43E4-AE2F-4AED69D2E666}.Debug|x86.Build.0 = Debug|x86
		{755D31B1-8521-43E4-AE2F-4AED69D2E666}.Release|Any CPU.ActiveCfg = Release|x86
		{755D31B1-8521-43E4-AE2F-4AED69D2E666}.Release|Mixed Platforms.ActiveCfg = Release|x86
		{755D31B1-8521-43E4-AE2F-4AED69D2E666}.Release|Mixed Platforms.Build.0 = Release|x86
		{755D31B1-8521-43E4-AE2F-4AED69D2E666}.Release|x86.ActiveCfg = Release|x86
		{755D31B1-8521-43E4-AE2F-4AED69D2E666}.Release|x86.Build.0 = Release|x86
		{5230E0D9-DB8D-47E3-A6E8-417EBA950D80}.Debug|Any CPU.ActiveCfg = Debug|Any CPU
		{5230E0D9-DB8D-47E3-A6E8-417EBA950D80}.Debug|Any CPU.Build.0 = Debug|Any CPU
		{5230E0D9-DB8D-47E3-A6E8-417EBA950D80}.Debug|Mixed Platforms.ActiveCfg = Debug|Any CPU
		{5230E0D9-DB8D-47E3-A6E8-417EBA950D80}.Debug|Mixed Platforms.Build.0 = Debug|Any CPU
		{5230E0D9-DB8D-47E3-A6E8-417EBA950D80}.Debug|x86.ActiveCfg = Debug|Any CPU
		{5230E0D9-DB8D-47E3-A6E8-417EBA950D80}.Release|Any CPU.ActiveCfg = Release|Any CPU
		{5230E0D9-DB8D-47E3-A6E8-417EBA950D80}.Release|Any CPU.Build.0 = Release|Any CPU
		{5230E0D9-DB8D-47E3-A6E8-417EBA950D80}.Release|Mixed Platforms.ActiveCfg = Release|Any CPU
		{5230E0D9-DB8D-47E3-A6E8-417EBA950D80}.Release|Mixed Platforms.Build.0 = Release|Any CPU
		{5230E0D9-DB8D-47E3-A6E8-417EBA950D80}.Release|x86.ActiveCfg = Release|Any CPU
	EndGlobalSection
	GlobalSection(SolutionProperties) = preSolution
		HideSolutionNode = FALSE
	EndGlobalSection
EndGlobal
